
Microsoft Visual Studio Solution File, Format Version 12.00
# Visual Studio 14
VisualStudioVersion = 14.0.25420.1
MinimumVisualStudioVersion = 10.0.40219.1
Project("{E24C65DC-7377-472B-9ABA-BC803B73C61A}") = "XeroApp", ".", "{B67EDE76-C635-458B-B000-64247FBD52C6}"
	ProjectSection(WebsiteProperties) = preProject
		TargetFrameworkMoniker = ".NETFramework,Version%3Dv4.5"
		Debug.AspNetCompiler.VirtualPath = "/localhost_3883"
		Debug.AspNetCompiler.PhysicalPath = "..\..\..\..\..\..\Softwares\XeroApp\"
		Debug.AspNetCompiler.TargetPath = "PrecompiledWeb\localhost_3883\"
		Debug.AspNetCompiler.Updateable = "true"
		Debug.AspNetCompiler.ForceOverwrite = "true"
		Debug.AspNetCompiler.FixedNames = "false"
		Debug.AspNetCompiler.Debug = "True"
		Release.AspNetCompiler.VirtualPath = "/localhost_3883"
		Release.AspNetCompiler.PhysicalPath = "..\..\..\..\..\..\Softwares\XeroApp\"
		Release.AspNetCompiler.TargetPath = "PrecompiledWeb\localhost_3883\"
		Release.AspNetCompiler.Updateable = "true"
		Release.AspNetCompiler.ForceOverwrite = "true"
		Release.AspNetCompiler.FixedNames = "false"
		Release.AspNetCompiler.Debug = "False"
		VWDPort = "3883"
	EndProjectSection
EndProject
Global
	GlobalSection(SolutionConfigurationPlatforms) = preSolution
		Debug|Any CPU = Debug|Any CPU
	EndGlobalSection
	GlobalSection(ProjectConfigurationPlatforms) = postSolution
		{B67EDE76-C635-458B-B000-64247FBD52C6}.Debug|Any CPU.ActiveCfg = Debug|Any CPU
		{B67EDE76-C635-458B-B000-64247FBD52C6}.Debug|Any CPU.Build.0 = Debug|Any CPU
	EndGlobalSection
	GlobalSection(SolutionProperties) = preSolution
		HideSolutionNode = FALSE
	EndGlobalSection
EndGlobal
